
Microsoft Visual Studio Solution File, Format Version 12.00
# Visual Studio 15
VisualStudioVersion = 15.0.28307.168
MinimumVisualStudioVersion = 10.0.40219.1
Project("{FAE04EC0-301F-11D3-BF4B-00C04F79EFBC}") = "VistasParciales", "VistasParciales\VistasParciales.csproj", "{D93DDD87-223A-4EA1-9445-3EA27CD69464}"
EndProject
Global
	GlobalSection(SolutionConfigurationPlatforms) = preSolution
		Debug|Any CPU = Debug|Any CPU
		Release|Any CPU = Release|Any CPU
	EndGlobalSection
	GlobalSection(ProjectConfigurationPlatforms) = postSolution
		{D93DDD87-223A-4EA1-9445-3EA27CD69464}.Debug|Any CPU.ActiveCfg = Debug|Any CPU
		{D93DDD87-223A-4EA1-9445-3EA27CD69464}.Debug|Any CPU.Build.0 = Debug|Any CPU
		{D93DDD87-223A-4EA1-9445-3EA27CD69464}.Release|Any CPU.ActiveCfg = Release|Any CPU
		{D93DDD87-223A-4EA1-9445-3EA27CD69464}.Release|Any CPU.Build.0 = Release|Any CPU
	EndGlobalSection
	GlobalSection(SolutionProperties) = preSolution
		HideSolutionNode = FALSE
	EndGlobalSection
	GlobalSection(ExtensibilityGlobals) = postSolution
		SolutionGuid = {0D9206DA-80FD-4148-9A78-C662557CE389}
	EndGlobalSection
EndGlobal
